// !$*UTF8*$!
{
	archiveVersion = 1;
	classes = {
	};
	objectVersion = 46;
	objects = {

/* Begin PBXBuildFile section */
		1EB07C5B583A186B9C4DFFC8 /* Pods_Dictate.framework in Frameworks */ = {isa = PBXBuildFile; fileRef = 79A232878BFC56F0A30EA0E1 /* Pods_Dictate.framework */; };
		2AA78A6CDEE6FB49F7028EB0 /* Pods_DictateUITests.framework in Frameworks */ = {isa = PBXBuildFile; fileRef = 9EAB0C17DD1D012FC05272A5 /* Pods_DictateUITests.framework */; };
		5F7F436668669D5FDA1D66DA /* Pods_DictateTests.framework in Frameworks */ = {isa = PBXBuildFile; fileRef = 86CFB549E39CCF13B0E4A234 /* Pods_DictateTests.framework */; };
		93309A4C1E3B02810096E192 /* AVFoundation.framework in Frameworks */ = {isa = PBXBuildFile; fileRef = 93309A4B1E3B02810096E192 /* AVFoundation.framework */; };
		93E4B9261E3A12B700E4267A /* AppDelegate.swift in Sources */ = {isa = PBXBuildFile; fileRef = 93E4B9251E3A12B700E4267A /* AppDelegate.swift */; };
		93E4B9281E3A12B700E4267A /* ViewController.swift in Sources */ = {isa = PBXBuildFile; fileRef = 93E4B9271E3A12B700E4267A /* ViewController.swift */; };
		93E4B92B1E3A12B700E4267A /* Main.storyboard in Resources */ = {isa = PBXBuildFile; fileRef = 93E4B9291E3A12B700E4267A /* Main.storyboard */; };
		93E4B92D1E3A12B700E4267A /* Assets.xcassets in Resources */ = {isa = PBXBuildFile; fileRef = 93E4B92C1E3A12B700E4267A /* Assets.xcassets */; };
		93E4B9301E3A12B700E4267A /* LaunchScreen.storyboard in Resources */ = {isa = PBXBuildFile; fileRef = 93E4B92E1E3A12B700E4267A /* LaunchScreen.storyboard */; };
		93E4B93B1E3A12B700E4267A /* DictateTests.swift in Sources */ = {isa = PBXBuildFile; fileRef = 93E4B93A1E3A12B700E4267A /* DictateTests.swift */; };
		93E4B9461E3A12B700E4267A /* DictateUITests.swift in Sources */ = {isa = PBXBuildFile; fileRef = 93E4B9451E3A12B700E4267A /* DictateUITests.swift */; };
/* End PBXBuildFile section */

/* Begin PBXContainerItemProxy section */
		93E4B9371E3A12B700E4267A /* PBXContainerItemProxy */ = {
			isa = PBXContainerItemProxy;
			containerPortal = 93E4B91A1E3A12B700E4267A /* Project object */;
			proxyType = 1;
			remoteGlobalIDString = 93E4B9211E3A12B700E4267A;
			remoteInfo = Dictate;
		};
		93E4B9421E3A12B700E4267A /* PBXContainerItemProxy */ = {
			isa = PBXContainerItemProxy;
			containerPortal = 93E4B91A1E3A12B700E4267A /* Project object */;
			proxyType = 1;
			remoteGlobalIDString = 93E4B9211E3A12B700E4267A;
			remoteInfo = Dictate;
		};
/* End PBXContainerItemProxy section */

/* Begin PBXFileReference section */
		32BE3ABE90C3B53CA548B9AE /* Pods-DictateTests.release.xcconfig */ = {isa = PBXFileReference; includeInIndex = 1; lastKnownFileType = text.xcconfig; name = "Pods-DictateTests.release.xcconfig"; path = "Pods/Target Support Files/Pods-DictateTests/Pods-DictateTests.release.xcconfig"; sourceTree = "<group>"; };
		37124BB5B901A4728F043314 /* Pods-Dictate.debug.xcconfig */ = {isa = PBXFileReference; includeInIndex = 1; lastKnownFileType = text.xcconfig; name = "Pods-Dictate.debug.xcconfig"; path = "Pods/Target Support Files/Pods-Dictate/Pods-Dictate.debug.xcconfig"; sourceTree = "<group>"; };
		79A232878BFC56F0A30EA0E1 /* Pods_Dictate.framework */ = {isa = PBXFileReference; explicitFileType = wrapper.framework; includeInIndex = 0; path = Pods_Dictate.framework; sourceTree = BUILT_PRODUCTS_DIR; };
		8546639B7D52DFDA037AF50A /* Pods-Dictate.release.xcconfig */ = {isa = PBXFileReference; includeInIndex = 1; lastKnownFileType = text.xcconfig; name = "Pods-Dictate.release.xcconfig"; path = "Pods/Target Support Files/Pods-Dictate/Pods-Dictate.release.xcconfig"; sourceTree = "<group>"; };
		86CFB549E39CCF13B0E4A234 /* Pods_DictateTests.framework */ = {isa = PBXFileReference; explicitFileType = wrapper.framework; includeInIndex = 0; path = Pods_DictateTests.framework; sourceTree = BUILT_PRODUCTS_DIR; };
		93309A4B1E3B02810096E192 /* AVFoundation.framework */ = {isa = PBXFileReference; lastKnownFileType = wrapper.framework; name = AVFoundation.framework; path = System/Library/Frameworks/AVFoundation.framework; sourceTree = SDKROOT; };
		93E4B9221E3A12B700E4267A /* Dictate.app */ = {isa = PBXFileReference; explicitFileType = wrapper.application; includeInIndex = 0; path = Dictate.app; sourceTree = BUILT_PRODUCTS_DIR; };
		93E4B9251E3A12B700E4267A /* AppDelegate.swift */ = {isa = PBXFileReference; lastKnownFileType = sourcecode.swift; path = AppDelegate.swift; sourceTree = "<group>"; };
		93E4B9271E3A12B700E4267A /* ViewController.swift */ = {isa = PBXFileReference; lastKnownFileType = sourcecode.swift; path = ViewController.swift; sourceTree = "<group>"; };
		93E4B92A1E3A12B700E4267A /* Base */ = {isa = PBXFileReference; lastKnownFileType = file.storyboard; name = Base; path = Base.lproj/Main.storyboard; sourceTree = "<group>"; };
		93E4B92C1E3A12B700E4267A /* Assets.xcassets */ = {isa = PBXFileReference; lastKnownFileType = folder.assetcatalog; path = Assets.xcassets; sourceTree = "<group>"; };
		93E4B92F1E3A12B700E4267A /* Base */ = {isa = PBXFileReference; lastKnownFileType = file.storyboard; name = Base; path = Base.lproj/LaunchScreen.storyboard; sourceTree = "<group>"; };
		93E4B9311E3A12B700E4267A /* Info.plist */ = {isa = PBXFileReference; lastKnownFileType = text.plist.xml; path = Info.plist; sourceTree = "<group>"; };
		93E4B9361E3A12B700E4267A /* DictateTests.xctest */ = {isa = PBXFileReference; explicitFileType = wrapper.cfbundle; includeInIndex = 0; path = DictateTests.xctest; sourceTree = BUILT_PRODUCTS_DIR; };
		93E4B93A1E3A12B700E4267A /* DictateTests.swift */ = {isa = PBXFileReference; lastKnownFileType = sourcecode.swift; path = DictateTests.swift; sourceTree = "<group>"; };
		93E4B93C1E3A12B700E4267A /* Info.plist */ = {isa = PBXFileReference; lastKnownFileType = text.plist.xml; path = Info.plist; sourceTree = "<group>"; };
		93E4B9411E3A12B700E4267A /* DictateUITests.xctest */ = {isa = PBXFileReference; explicitFileType = wrapper.cfbundle; includeInIndex = 0; path = DictateUITests.xctest; sourceTree = BUILT_PRODUCTS_DIR; };
		93E4B9451E3A12B700E4267A /* DictateUITests.swift */ = {isa = PBXFileReference; lastKnownFileType = sourcecode.swift; path = DictateUITests.swift; sourceTree = "<group>"; };
		93E4B9471E3A12B700E4267A /* Info.plist */ = {isa = PBXFileReference; lastKnownFileType = text.plist.xml; path = Info.plist; sourceTree = "<group>"; };
		98906972CA068FC5981AC630 /* Pods-DictateUITests.debug.xcconfig */ = {isa = PBXFileReference; includeInIndex = 1; lastKnownFileType = text.xcconfig; name = "Pods-DictateUITests.debug.xcconfig"; path = "Pods/Target Support Files/Pods-DictateUITests/Pods-DictateUITests.debug.xcconfig"; sourceTree = "<group>"; };
		9B41F6893A5400551EB1F94B /* Pods-DictateUITests.release.xcconfig */ = {isa = PBXFileReference; includeInIndex = 1; lastKnownFileType = text.xcconfig; name = "Pods-DictateUITests.release.xcconfig"; path = "Pods/Target Support Files/Pods-DictateUITests/Pods-DictateUITests.release.xcconfig"; sourceTree = "<group>"; };
		9EAB0C17DD1D012FC05272A5 /* Pods_DictateUITests.framework */ = {isa = PBXFileReference; explicitFileType = wrapper.framework; includeInIndex = 0; path = Pods_DictateUITests.framework; sourceTree = BUILT_PRODUCTS_DIR; };
		A6B5465FC85B84C253DB0694 /* Pods-DictateTests.debug.xcconfig */ = {isa = PBXFileReference; includeInIndex = 1; lastKnownFileType = text.xcconfig; name = "Pods-DictateTests.debug.xcconfig"; path = "Pods/Target Support Files/Pods-DictateTests/Pods-DictateTests.debug.xcconfig"; sourceTree = "<group>"; };
/* End PBXFileReference section */

/* Begin PBXFrameworksBuildPhase section */
		93E4B91F1E3A12B700E4267A /* Frameworks */ = {
			isa = PBXFrameworksBuildPhase;
			buildActionMask = 2147483647;
			files = (
				93309A4C1E3B02810096E192 /* AVFoundation.framework in Frameworks */,
				1EB07C5B583A186B9C4DFFC8 /* Pods_Dictate.framework in Frameworks */,
			);
			runOnlyForDeploymentPostprocessing = 0;
		};
		93E4B9331E3A12B700E4267A /* Frameworks */ = {
			isa = PBXFrameworksBuildPhase;
			buildActionMask = 2147483647;
			files = (
				5F7F436668669D5FDA1D66DA /* Pods_DictateTests.framework in Frameworks */,
			);
			runOnlyForDeploymentPostprocessing = 0;
		};
		93E4B93E1E3A12B700E4267A /* Frameworks */ = {
			isa = PBXFrameworksBuildPhase;
			buildActionMask = 2147483647;
			files = (
				2AA78A6CDEE6FB49F7028EB0 /* Pods_DictateUITests.framework in Frameworks */,
			);
			runOnlyForDeploymentPostprocessing = 0;
		};
/* End PBXFrameworksBuildPhase section */

/* Begin PBXGroup section */
		687B6615E99DD449ADE81D8E /* Pods */ = {
			isa = PBXGroup;
			children = (
				37124BB5B901A4728F043314 /* Pods-Dictate.debug.xcconfig */,
				8546639B7D52DFDA037AF50A /* Pods-Dictate.release.xcconfig */,
				A6B5465FC85B84C253DB0694 /* Pods-DictateTests.debug.xcconfig */,
				32BE3ABE90C3B53CA548B9AE /* Pods-DictateTests.release.xcconfig */,
				98906972CA068FC5981AC630 /* Pods-DictateUITests.debug.xcconfig */,
				9B41F6893A5400551EB1F94B /* Pods-DictateUITests.release.xcconfig */,
			);
			name = Pods;
			sourceTree = "<group>";
		};
		79C389D611FD73C5E75FB523 /* Frameworks */ = {
			isa = PBXGroup;
			children = (
				93309A4B1E3B02810096E192 /* AVFoundation.framework */,
				79A232878BFC56F0A30EA0E1 /* Pods_Dictate.framework */,
				86CFB549E39CCF13B0E4A234 /* Pods_DictateTests.framework */,
				9EAB0C17DD1D012FC05272A5 /* Pods_DictateUITests.framework */,
			);
			name = Frameworks;
			sourceTree = "<group>";
		};
		93E4B9191E3A12B700E4267A = {
			isa = PBXGroup;
			children = (
				93E4B9241E3A12B700E4267A /* Dictate */,
				93E4B9391E3A12B700E4267A /* DictateTests */,
				93E4B9441E3A12B700E4267A /* DictateUITests */,
				93E4B9231E3A12B700E4267A /* Products */,
				687B6615E99DD449ADE81D8E /* Pods */,
				79C389D611FD73C5E75FB523 /* Frameworks */,
			);
			sourceTree = "<group>";
		};
		93E4B9231E3A12B700E4267A /* Products */ = {
			isa = PBXGroup;
			children = (
				93E4B9221E3A12B700E4267A /* Dictate.app */,
				93E4B9361E3A12B700E4267A /* DictateTests.xctest */,
				93E4B9411E3A12B700E4267A /* DictateUITests.xctest */,
			);
			name = Products;
			sourceTree = "<group>";
		};
		93E4B9241E3A12B700E4267A /* Dictate */ = {
			isa = PBXGroup;
			children = (
				93E4B9251E3A12B700E4267A /* AppDelegate.swift */,
				93E4B9271E3A12B700E4267A /* ViewController.swift */,
				93E4B9291E3A12B700E4267A /* Main.storyboard */,
				93E4B92C1E3A12B700E4267A /* Assets.xcassets */,
				93E4B92E1E3A12B700E4267A /* LaunchScreen.storyboard */,
				93E4B9311E3A12B700E4267A /* Info.plist */,
			);
			path = Dictate;
			sourceTree = "<group>";
		};
		93E4B9391E3A12B700E4267A /* DictateTests */ = {
			isa = PBXGroup;
			children = (
				93E4B93A1E3A12B700E4267A /* DictateTests.swift */,
				93E4B93C1E3A12B700E4267A /* Info.plist */,
			);
			path = DictateTests;
			sourceTree = "<group>";
		};
		93E4B9441E3A12B700E4267A /* DictateUITests */ = {
			isa = PBXGroup;
			children = (
				93E4B9451E3A12B700E4267A /* DictateUITests.swift */,
				93E4B9471E3A12B700E4267A /* Info.plist */,
			);
			path = DictateUITests;
			sourceTree = "<group>";
		};
/* End PBXGroup section */

/* Begin PBXNativeTarget section */
		93E4B9211E3A12B700E4267A /* Dictate */ = {
			isa = PBXNativeTarget;
			buildConfigurationList = 93E4B94A1E3A12B800E4267A /* Build configuration list for PBXNativeTarget "Dictate" */;
			buildPhases = (
				F76608C56E55DD7459CF3AC1 /* [CP] Check Pods Manifest.lock */,
				93E4B91E1E3A12B700E4267A /* Sources */,
				93E4B91F1E3A12B700E4267A /* Frameworks */,
				93E4B9201E3A12B700E4267A /* Resources */,
				11F34C8BA855DC09BA03023B /* [CP] Embed Pods Frameworks */,
				2B9760DD4725F14C5BF2EE93 /* [CP] Copy Pods Resources */,
			);
			buildRules = (
			);
			dependencies = (
			);
			name = Dictate;
			productName = Dictate;
			productReference = 93E4B9221E3A12B700E4267A /* Dictate.app */;
			productType = "com.apple.product-type.application";
		};
		93E4B9351E3A12B700E4267A /* DictateTests */ = {
			isa = PBXNativeTarget;
			buildConfigurationList = 93E4B94D1E3A12B800E4267A /* Build configuration list for PBXNativeTarget "DictateTests" */;
			buildPhases = (
				9C5C34CC7C4EAD6679CD67CF /* [CP] Check Pods Manifest.lock */,
				93E4B9321E3A12B700E4267A /* Sources */,
				93E4B9331E3A12B700E4267A /* Frameworks */,
				93E4B9341E3A12B700E4267A /* Resources */,
				0A805D6DBEEE75DDBC19FF3E /* [CP] Embed Pods Frameworks */,
				1A04439BD1A9386DED8F8739 /* [CP] Copy Pods Resources */,
			);
			buildRules = (
			);
			dependencies = (
				93E4B9381E3A12B700E4267A /* PBXTargetDependency */,
			);
			name = DictateTests;
			productName = DictateTests;
			productReference = 93E4B9361E3A12B700E4267A /* DictateTests.xctest */;
			productType = "com.apple.product-type.bundle.unit-test";
		};
		93E4B9401E3A12B700E4267A /* DictateUITests */ = {
			isa = PBXNativeTarget;
			buildConfigurationList = 93E4B9501E3A12B800E4267A /* Build configuration list for PBXNativeTarget "DictateUITests" */;
			buildPhases = (
				C2471807FD6978FB400BD5B4 /* [CP] Check Pods Manifest.lock */,
				93E4B93D1E3A12B700E4267A /* Sources */,
				93E4B93E1E3A12B700E4267A /* Frameworks */,
				93E4B93F1E3A12B700E4267A /* Resources */,
				430220758C062D19381CFE0D /* [CP] Embed Pods Frameworks */,
				F6AB33C129773A62EE0417B5 /* [CP] Copy Pods Resources */,
			);
			buildRules = (
			);
			dependencies = (
				93E4B9431E3A12B700E4267A /* PBXTargetDependency */,
			);
			name = DictateUITests;
			productName = DictateUITests;
			productReference = 93E4B9411E3A12B700E4267A /* DictateUITests.xctest */;
			productType = "com.apple.product-type.bundle.ui-testing";
		};
/* End PBXNativeTarget section */

/* Begin PBXProject section */
		93E4B91A1E3A12B700E4267A /* Project object */ = {
			isa = PBXProject;
			attributes = {
				LastSwiftUpdateCheck = 0820;
				LastUpgradeCheck = 0820;
				ORGANIZATIONNAME = "Aaron Nguyen";
				TargetAttributes = {
					93E4B9211E3A12B700E4267A = {
						CreatedOnToolsVersion = 8.2.1;
						DevelopmentTeam = 8NBK23EYP2;
						ProvisioningStyle = Automatic;
					};
					93E4B9351E3A12B700E4267A = {
						CreatedOnToolsVersion = 8.2.1;
						DevelopmentTeam = 8NBK23EYP2;
						ProvisioningStyle = Automatic;
						TestTargetID = 93E4B9211E3A12B700E4267A;
					};
					93E4B9401E3A12B700E4267A = {
						CreatedOnToolsVersion = 8.2.1;
						DevelopmentTeam = 8NBK23EYP2;
						ProvisioningStyle = Automatic;
						TestTargetID = 93E4B9211E3A12B700E4267A;
					};
				};
			};
			buildConfigurationList = 93E4B91D1E3A12B700E4267A /* Build configuration list for PBXProject "Dictate" */;
			compatibilityVersion = "Xcode 3.2";
			developmentRegion = English;
			hasScannedForEncodings = 0;
			knownRegions = (
				en,
				Base,
			);
			mainGroup = 93E4B9191E3A12B700E4267A;
			productRefGroup = 93E4B9231E3A12B700E4267A /* Products */;
			projectDirPath = "";
			projectRoot = "";
			targets = (
				93E4B9211E3A12B700E4267A /* Dictate */,
				93E4B9351E3A12B700E4267A /* DictateTests */,
				93E4B9401E3A12B700E4267A /* DictateUITests */,
			);
		};
/* End PBXProject section */

/* Begin PBXResourcesBuildPhase section */
		93E4B9201E3A12B700E4267A /* Resources */ = {
			isa = PBXResourcesBuildPhase;
			buildActionMask = 2147483647;
			files = (
				93E4B9301E3A12B700E4267A /* LaunchScreen.storyboard in Resources */,
				93E4B92D1E3A12B700E4267A /* Assets.xcassets in Resources */,
				93E4B92B1E3A12B700E4267A /* Main.storyboard in Resources */,
			);
			runOnlyForDeploymentPostprocessing = 0;
		};
		93E4B9341E3A12B700E4267A /* Resources */ = {
			isa = PBXResourcesBuildPhase;
			buildActionMask = 2147483647;
			files = (
			);
			runOnlyForDeploymentPostprocessing = 0;
		};
		93E4B93F1E3A12B700E4267A /* Resources */ = {
			isa = PBXResourcesBuildPhase;
			buildActionMask = 2147483647;
			files = (
			);
			runOnlyForDeploymentPostprocessing = 0;
		};
/* End PBXResourcesBuildPhase section */

/* Begin PBXShellScriptBuildPhase section */
		0A805D6DBEEE75DDBC19FF3E /* [CP] Embed Pods Frameworks */ = {
			isa = PBXShellScriptBuildPhase;
			buildActionMask = 2147483647;
			files = (
			);
			inputPaths = (
			);
			name = "[CP] Embed Pods Frameworks";
			outputPaths = (
			);
			runOnlyForDeploymentPostprocessing = 0;
			shellPath = /bin/sh;
			shellScript = "\"${SRCROOT}/Pods/Target Support Files/Pods-DictateTests/Pods-DictateTests-frameworks.sh\"\n";
			showEnvVarsInLog = 0;
		};
		11F34C8BA855DC09BA03023B /* [CP] Embed Pods Frameworks */ = {
			isa = PBXShellScriptBuildPhase;
			buildActionMask = 2147483647;
			files = (
			);
			inputPaths = (
			);
			name = "[CP] Embed Pods Frameworks";
			outputPaths = (
			);
			runOnlyForDeploymentPostprocessing = 0;
			shellPath = /bin/sh;
			shellScript = "\"${SRCROOT}/Pods/Target Support Files/Pods-Dictate/Pods-Dictate-frameworks.sh\"\n";
			showEnvVarsInLog = 0;
		};
		1A04439BD1A9386DED8F8739 /* [CP] Copy Pods Resources */ = {
			isa = PBXShellScriptBuildPhase;
			buildActionMask = 2147483647;
			files = (
			);
			inputPaths = (
			);
			name = "[CP] Copy Pods Resources";
			outputPaths = (
			);
			runOnlyForDeploymentPostprocessing = 0;
			shellPath = /bin/sh;
			shellScript = "\"${SRCROOT}/Pods/Target Support Files/Pods-DictateTests/Pods-DictateTests-resources.sh\"\n";
			showEnvVarsInLog = 0;
		};
		2B9760DD4725F14C5BF2EE93 /* [CP] Copy Pods Resources */ = {
			isa = PBXShellScriptBuildPhase;
			buildActionMask = 2147483647;
			files = (
			);
			inputPaths = (
			);
			name = "[CP] Copy Pods Resources";
			outputPaths = (
			);
			runOnlyForDeploymentPostprocessing = 0;
			shellPath = /bin/sh;
			shellScript = "\"${SRCROOT}/Pods/Target Support Files/Pods-Dictate/Pods-Dictate-resources.sh\"\n";
			showEnvVarsInLog = 0;
		};
		430220758C062D19381CFE0D /* [CP] Embed Pods Frameworks */ = {
			isa = PBXShellScriptBuildPhase;
			buildActionMask = 2147483647;
			files = (
			);
			inputPaths = (
			);
			name = "[CP] Embed Pods Frameworks";
			outputPaths = (
			);
			runOnlyForDeploymentPostprocessing = 0;
			shellPath = /bin/sh;
			shellScript = "\"${SRCROOT}/Pods/Target Support Files/Pods-DictateUITests/Pods-DictateUITests-frameworks.sh\"\n";
			showEnvVarsInLog = 0;
		};
		9C5C34CC7C4EAD6679CD67CF /* [CP] Check Pods Manifest.lock */ = {
			isa = PBXShellScriptBuildPhase;
			buildActionMask = 2147483647;
			files = (
			);
			inputPaths = (
			);
			name = "[CP] Check Pods Manifest.lock";
			outputPaths = (
			);
			runOnlyForDeploymentPostprocessing = 0;
			shellPath = /bin/sh;
			shellScript = "diff \"${PODS_ROOT}/../Podfile.lock\" \"${PODS_ROOT}/Manifest.lock\" > /dev/null\nif [ $? != 0 ] ; then\n    # print error to STDERR\n    echo \"error: The sandbox is not in sync with the Podfile.lock. Run 'pod install' or update your CocoaPods installation.\" >&2\n    exit 1\nfi\n";
			showEnvVarsInLog = 0;
		};
		C2471807FD6978FB400BD5B4 /* [CP] Check Pods Manifest.lock */ = {
			isa = PBXShellScriptBuildPhase;
			buildActionMask = 2147483647;
			files = (
			);
			inputPaths = (
			);
			name = "[CP] Check Pods Manifest.lock";
			outputPaths = (
			);
			runOnlyForDeploymentPostprocessing = 0;
			shellPath = /bin/sh;
			shellScript = "diff \"${PODS_ROOT}/../Podfile.lock\" \"${PODS_ROOT}/Manifest.lock\" > /dev/null\nif [ $? != 0 ] ; then\n    # print error to STDERR\n    echo \"error: The sandbox is not in sync with the Podfile.lock. Run 'pod install' or update your CocoaPods installation.\" >&2\n    exit 1\nfi\n";
			showEnvVarsInLog = 0;
		};
		F6AB33C129773A62EE0417B5 /* [CP] Copy Pods Resources */ = {
			isa = PBXShellScriptBuildPhase;
			buildActionMask = 2147483647;
			files = (
			);
			inputPaths = (
			);
			name = "[CP] Copy Pods Resources";
			outputPaths = (
			);
			runOnlyForDeploymentPostprocessing = 0;
			shellPath = /bin/sh;
			shellScript = "\"${SRCROOT}/Pods/Target Support Files/Pods-DictateUITests/Pods-DictateUITests-resources.sh\"\n";
			showEnvVarsInLog = 0;
		};
		F76608C56E55DD7459CF3AC1 /* [CP] Check Pods Manifest.lock */ = {
			isa = PBXShellScriptBuildPhase;
			buildActionMask = 2147483647;
			files = (
			);
			inputPaths = (
			);
			name = "[CP] Check Pods Manifest.lock";
			outputPaths = (
			);
			runOnlyForDeploymentPostprocessing = 0;
			shellPath = /bin/sh;
			shellScript = "diff \"${PODS_ROOT}/../Podfile.lock\" \"${PODS_ROOT}/Manifest.lock\" > /dev/null\nif [ $? != 0 ] ; then\n    # print error to STDERR\n    echo \"error: The sandbox is not in sync with the Podfile.lock. Run 'pod install' or update your CocoaPods installation.\" >&2\n    exit 1\nfi\n";
			showEnvVarsInLog = 0;
		};
/* End PBXShellScriptBuildPhase section */

/* Begin PBXSourcesBuildPhase section */
		93E4B91E1E3A12B700E4267A /* Sources */ = {
			isa = PBXSourcesBuildPhase;
			buildActionMask = 2147483647;
			files = (
				93E4B9281E3A12B700E4267A /* ViewController.swift in Sources */,
				93E4B9261E3A12B700E4267A /* AppDelegate.swift in Sources */,
			);
			runOnlyForDeploymentPostprocessing = 0;
		};
		93E4B9321E3A12B700E4267A /* Sources */ = {
			isa = PBXSourcesBuildPhase;
			buildActionMask = 2147483647;
			files = (
				93E4B93B1E3A12B700E4267A /* DictateTests.swift in Sources */,
			);
			runOnlyForDeploymentPostprocessing = 0;
		};
		93E4B93D1E3A12B700E4267A /* Sources */ = {
			isa = PBXSourcesBuildPhase;
			buildActionMask = 2147483647;
			files = (
				93E4B9461E3A12B700E4267A /* DictateUITests.swift in Sources */,
			);
			runOnlyForDeploymentPostprocessing = 0;
		};
/* End PBXSourcesBuildPhase section */

/* Begin PBXTargetDependency section */
		93E4B9381E3A12B700E4267A /* PBXTargetDependency */ = {
			isa = PBXTargetDependency;
			target = 93E4B9211E3A12B700E4267A /* Dictate */;
			targetProxy = 93E4B9371E3A12B700E4267A /* PBXContainerItemProxy */;
		};
		93E4B9431E3A12B700E4267A /* PBXTargetDependency */ = {
			isa = PBXTargetDependency;
			target = 93E4B9211E3A12B700E4267A /* Dictate */;
			targetProxy = 93E4B9421E3A12B700E4267A /* PBXContainerItemProxy */;
		};
/* End PBXTargetDependency section */

/* Begin PBXVariantGroup section */
		93E4B9291E3A12B700E4267A /* Main.storyboard */ = {
			isa = PBXVariantGroup;
			children = (
				93E4B92A1E3A12B700E4267A /* Base */,
			);
			name = Main.storyboard;
			sourceTree = "<group>";
		};
		93E4B92E1E3A12B700E4267A /* LaunchScreen.storyboard */ = {
			isa = PBXVariantGroup;
			children = (
				93E4B92F1E3A12B700E4267A /* Base */,
			);
			name = LaunchScreen.storyboard;
			sourceTree = "<group>";
		};
/* End PBXVariantGroup section */

/* Begin XCBuildConfiguration section */
		93E4B9481E3A12B800E4267A /* Debug */ = {
			isa = XCBuildConfiguration;
			buildSettings = {
				ALWAYS_SEARCH_USER_PATHS = NO;
				CLANG_ANALYZER_NONNULL = YES;
				CLANG_CXX_LANGUAGE_STANDARD = "gnu++0x";
				CLANG_CXX_LIBRARY = "libc++";
				CLANG_ENABLE_MODULES = YES;
				CLANG_ENABLE_OBJC_ARC = YES;
				CLANG_WARN_BOOL_CONVERSION = YES;
				CLANG_WARN_CONSTANT_CONVERSION = YES;
				CLANG_WARN_DIRECT_OBJC_ISA_USAGE = YES_ERROR;
				CLANG_WARN_DOCUMENTATION_COMMENTS = YES;
				CLANG_WARN_EMPTY_BODY = YES;
				CLANG_WARN_ENUM_CONVERSION = YES;
				CLANG_WARN_INFINITE_RECURSION = YES;
				CLANG_WARN_INT_CONVERSION = YES;
				CLANG_WARN_OBJC_ROOT_CLASS = YES_ERROR;
				CLANG_WARN_SUSPICIOUS_MOVE = YES;
				CLANG_WARN_UNREACHABLE_CODE = YES;
				CLANG_WARN__DUPLICATE_METHOD_MATCH = YES;
				"CODE_SIGN_IDENTITY[sdk=iphoneos*]" = "iPhone Developer";
				COPY_PHASE_STRIP = NO;
				DEBUG_INFORMATION_FORMAT = dwarf;
				ENABLE_STRICT_OBJC_MSGSEND = YES;
				ENABLE_TESTABILITY = YES;
				GCC_C_LANGUAGE_STANDARD = gnu99;
				GCC_DYNAMIC_NO_PIC = NO;
				GCC_NO_COMMON_BLOCKS = YES;
				GCC_OPTIMIZATION_LEVEL = 0;
				GCC_PREPROCESSOR_DEFINITIONS = (
					"DEBUG=1",
					"$(inherited)",
				);
				GCC_WARN_64_TO_32_BIT_CONVERSION = YES;
				GCC_WARN_ABOUT_RETURN_TYPE = YES_ERROR;
				GCC_WARN_UNDECLARED_SELECTOR = YES;
				GCC_WARN_UNINITIALIZED_AUTOS = YES_AGGRESSIVE;
				GCC_WARN_UNUSED_FUNCTION = YES;
				GCC_WARN_UNUSED_VARIABLE = YES;
				IPHONEOS_DEPLOYMENT_TARGET = 10.2;
				MTL_ENABLE_DEBUG_INFO = YES;
				ONLY_ACTIVE_ARCH = YES;
				SDKROOT = iphoneos;
				SWIFT_ACTIVE_COMPILATION_CONDITIONS = DEBUG;
				SWIFT_OPTIMIZATION_LEVEL = "-Onone";
				TARGETED_DEVICE_FAMILY = "1,2";
			};
			name = Debug;
		};
		93E4B9491E3A12B800E4267A /* Release */ = {
			isa = XCBuildConfiguration;
			buildSettings = {
				ALWAYS_SEARCH_USER_PATHS = NO;
				CLANG_ANALYZER_NONNULL = YES;
				CLANG_CXX_LANGUAGE_STANDARD = "gnu++0x";
				CLANG_CXX_LIBRARY = "libc++";
				CLANG_ENABLE_MODULES = YES;
				CLANG_ENABLE_OBJC_ARC = YES;
				CLANG_WARN_BOOL_CONVERSION = YES;
				CLANG_WARN_CONSTANT_CONVERSION = YES;
				CLANG_WARN_DIRECT_OBJC_ISA_USAGE = YES_ERROR;
				CLANG_WARN_DOCUMENTATION_COMMENTS = YES;
				CLANG_WARN_EMPTY_BODY = YES;
				CLANG_WARN_ENUM_CONVERSION = YES;
				CLANG_WARN_INFINITE_RECURSION = YES;
				CLANG_WARN_INT_CONVERSION = YES;
				CLANG_WARN_OBJC_ROOT_CLASS = YES_ERROR;
				CLANG_WARN_SUSPICIOUS_MOVE = YES;
				CLANG_WARN_UNREACHABLE_CODE = YES;
				CLANG_WARN__DUPLICATE_METHOD_MATCH = YES;
				"CODE_SIGN_IDENTITY[sdk=iphoneos*]" = "iPhone Developer";
				COPY_PHASE_STRIP = NO;
				DEBUG_INFORMATION_FORMAT = "dwarf-with-dsym";
				ENABLE_NS_ASSERTIONS = NO;
				ENABLE_STRICT_OBJC_MSGSEND = YES;
				GCC_C_LANGUAGE_STANDARD = gnu99;
				GCC_NO_COMMON_BLOCKS = YES;
				GCC_WARN_64_TO_32_BIT_CONVERSION = YES;
				GCC_WARN_ABOUT_RETURN_TYPE = YES_ERROR;
				GCC_WARN_UNDECLARED_SELECTOR = YES;
				GCC_WARN_UNINITIALIZED_AUTOS = YES_AGGRESSIVE;
				GCC_WARN_UNUSED_FUNCTION = YES;
				GCC_WARN_UNUSED_VARIABLE = YES;
				IPHONEOS_DEPLOYMENT_TARGET = 10.2;
				MTL_ENABLE_DEBUG_INFO = NO;
				SDKROOT = iphoneos;
				SWIFT_OPTIMIZATION_LEVEL = "-Owholemodule";
				TARGETED_DEVICE_FAMILY = "1,2";
				VALIDATE_PRODUCT = YES;
			};
			name = Release;
		};
		93E4B94B1E3A12B800E4267A /* Debug */ = {
			isa = XCBuildConfiguration;
			baseConfigurationReference = 37124BB5B901A4728F043314 /* Pods-Dictate.debug.xcconfig */;
			buildSettings = {
				ASSETCATALOG_COMPILER_APPICON_NAME = AppIcon;
				DEVELOPMENT_TEAM = 8NBK23EYP2;
				INFOPLIST_FILE = Dictate/Info.plist;
				IPHONEOS_DEPLOYMENT_TARGET = 9.0;
				LD_RUNPATH_SEARCH_PATHS = "$(inherited) @executable_path/Frameworks";
				PRODUCT_BUNDLE_IDENTIFIER = "Aaron-Nguyen.Dictate";
				PRODUCT_NAME = "$(TARGET_NAME)";
				SWIFT_VERSION = 3.0;
			};
			name = Debug;
		};
		93E4B94C1E3A12B800E4267A /* Release */ = {
			isa = XCBuildConfiguration;
			baseConfigurationReference = 8546639B7D52DFDA037AF50A /* Pods-Dictate.release.xcconfig */;
			buildSettings = {
				ASSETCATALOG_COMPILER_APPICON_NAME = AppIcon;
				DEVELOPMENT_TEAM = 8NBK23EYP2;
				INFOPLIST_FILE = Dictate/Info.plist;
				IPHONEOS_DEPLOYMENT_TARGET = 9.0;
				LD_RUNPATH_SEARCH_PATHS = "$(inherited) @executable_path/Frameworks";
				PRODUCT_BUNDLE_IDENTIFIER = "Aaron-Nguyen.Dictate";
				PRODUCT_NAME = "$(TARGET_NAME)";
				SWIFT_VERSION = 3.0;
			};
			name = Release;
		};
		93E4B94E1E3A12B800E4267A /* Debug */ = {
			isa = XCBuildConfiguration;
			baseConfigurationReference = A6B5465FC85B84C253DB0694 /* Pods-DictateTests.debug.xcconfig */;
			buildSettings = {
				ALWAYS_EMBED_SWIFT_STANDARD_LIBRARIES = YES;
				BUNDLE_LOADER = "$(TEST_HOST)";
				DEVELOPMENT_TEAM = 8NBK23EYP2;
				INFOPLIST_FILE = DictateTests/Info.plist;
				LD_RUNPATH_SEARCH_PATHS = "$(inherited) @executable_path/Frameworks @loader_path/Frameworks";
				PRODUCT_BUNDLE_IDENTIFIER = "Aaron-Nguyen.DictateTests";
				PRODUCT_NAME = "$(TARGET_NAME)";
				SWIFT_VERSION = 3.0;
				TEST_HOST = "$(BUILT_PRODUCTS_DIR)/Dictate.app/Dictate";
			};
			name = Debug;
		};
		93E4B94F1E3A12B800E4267A /* Release */ = {
			isa = XCBuildConfiguration;
			baseConfigurationReference = 32BE3ABE90C3B53CA548B9AE /* Pods-DictateTests.release.xcconfig */;
			buildSettings = {
				ALWAYS_EMBED_SWIFT_STANDARD_LIBRARIES = YES;
				BUNDLE_LOADER = "$(TEST_HOST)";
				DEVELOPMENT_TEAM = 8NBK23EYP2;
				INFOPLIST_FILE = DictateTests/Info.plist;
				LD_RUNPATH_SEARCH_PATHS = "$(inherited) @executable_path/Frameworks @loader_path/Frameworks";
				PRODUCT_BUNDLE_IDENTIFIER = "Aaron-Nguyen.DictateTests";
				PRODUCT_NAME = "$(TARGET_NAME)";
				SWIFT_VERSION = 3.0;
				TEST_HOST = "$(BUILT_PRODUCTS_DIR)/Dictate.app/Dictate";
			};
			name = Release;
		};
		93E4B9511E3A12B800E4267A /* Debug */ = {
			isa = XCBuildConfiguration;
			baseConfigurationReference = 98906972CA068FC5981AC630 /* Pods-DictateUITests.debug.xcconfig */;
			buildSettings = {
				ALWAYS_EMBED_SWIFT_STANDARD_LIBRARIES = YES;
				DEVELOPMENT_TEAM = 8NBK23EYP2;
				INFOPLIST_FILE = DictateUITests/Info.plist;
				LD_RUNPATH_SEARCH_PATHS = "$(inherited) @executable_path/Frameworks @loader_path/Frameworks";
				PRODUCT_BUNDLE_IDENTIFIER = "Aaron-Nguyen.DictateUITests";
				PRODUCT_NAME = "$(TARGET_NAME)";
				SWIFT_VERSION = 3.0;
				TEST_TARGET_NAME = Dictate;
			};
			name = Debug;
		};
		93E4B9521E3A12B800E4267A /* Release */ = {
			isa = XCBuildConfiguration;
			baseConfigurationReference = 9B41F6893A5400551EB1F94B /* Pods-DictateUITests.release.xcconfig */;
			buildSettings = {
				ALWAYS_EMBED_SWIFT_STANDARD_LIBRARIES = YES;
				DEVELOPMENT_TEAM = 8NBK23EYP2;
				INFOPLIST_FILE = DictateUITests/Info.plist;
				LD_RUNPATH_SEARCH_PATHS = "$(inherited) @executable_path/Frameworks @loader_path/Frameworks";
				PRODUCT_BUNDLE_IDENTIFIER = "Aaron-Nguyen.DictateUITests";
				PRODUCT_NAME = "$(TARGET_NAME)";
				SWIFT_VERSION = 3.0;
				TEST_TARGET_NAME = Dictate;
			};
			name = Release;
		};
/* End XCBuildConfiguration section */

/* Begin XCConfigurationList section */
		93E4B91D1E3A12B700E4267A /* Build configuration list for PBXProject "Dictate" */ = {
			isa = XCConfigurationList;
			buildConfigurations = (
				93E4B9481E3A12B800E4267A /* Debug */,
				93E4B9491E3A12B800E4267A /* Release */,
			);
			defaultConfigurationIsVisible = 0;
			defaultConfigurationName = Release;
		};
		93E4B94A1E3A12B800E4267A /* Build configuration list for PBXNativeTarget "Dictate" */ = {
			isa = XCConfigurationList;
			buildConfigurations = (
				93E4B94B1E3A12B800E4267A /* Debug */,
				93E4B94C1E3A12B800E4267A /* Release */,
			);
			defaultConfigurationIsVisible = 0;
			defaultConfigurationName = Release;
		};
		93E4B94D1E3A12B800E4267A /* Build configuration list for PBXNativeTarget "DictateTests" */ = {
			isa = XCConfigurationList;
			buildConfigurations = (
				93E4B94E1E3A12B800E4267A /* Debug */,
				93E4B94F1E3A12B800E4267A /* Release */,
			);
			defaultConfigurationIsVisible = 0;
			defaultConfigurationName = Release;
		};
		93E4B9501E3A12B800E4267A /* Build configuration list for PBXNativeTarget "DictateUITests" */ = {
			isa = XCConfigurationList;
			buildConfigurations = (
				93E4B9511E3A12B800E4267A /* Debug */,
				93E4B9521E3A12B800E4267A /* Release */,
			);
			defaultConfigurationIsVisible = 0;
			defaultConfigurationName = Release;
		};
/* End XCConfigurationList section */
	};
	rootObject = 93E4B91A1E3A12B700E4267A /* Project object */;
}
